schema: '2.0'
stages:
  load_data:
    cmd: python src/load_data.py --config=params.yaml
    deps:
    - path: data_given/winequality.csv
      md5: ccc8d3507eb151f53f760d36abdef888
      size: 91998
    - path: src/get_data.py
      md5: 02b341fb19523dae63a7dc56e651f5f7
      size: 664
    - path: src/load_data.py
      md5: c1905d146f097139e5f390bdc9d518c0
      size: 658
    outs:
    - path: data/raw/winequality.csv
      md5: d98e8f2eca228c11c4de1cc96866a54d
      size: 91998
